// !$*UTF8*$!
{
	archiveVersion = 1;
	classes = {
	};
	objectVersion = 50;
	objects = {

/* Begin PBXBuildFile section */
		290855652495889B005A91A9 /* AppDelegate.swift in Sources */ = {isa = PBXBuildFile; fileRef = 290855642495889B005A91A9 /* AppDelegate.swift */; };
		290855672495889B005A91A9 /* SceneDelegate.swift in Sources */ = {isa = PBXBuildFile; fileRef = 290855662495889B005A91A9 /* SceneDelegate.swift */; };
		290855692495889B005A91A9 /* ViewController.swift in Sources */ = {isa = PBXBuildFile; fileRef = 290855682495889B005A91A9 /* ViewController.swift */; };
		2908556C2495889B005A91A9 /* Main.storyboard in Resources */ = {isa = PBXBuildFile; fileRef = 2908556A2495889B005A91A9 /* Main.storyboard */; };
		2908556E2495889E005A91A9 /* Assets.xcassets in Resources */ = {isa = PBXBuildFile; fileRef = 2908556D2495889E005A91A9 /* Assets.xcassets */; };
		290855712495889E005A91A9 /* LaunchScreen.storyboard in Resources */ = {isa = PBXBuildFile; fileRef = 2908556F2495889E005A91A9 /* LaunchScreen.storyboard */; };
		2908557C2495889E005A91A9 /* PresentTests.swift in Sources */ = {isa = PBXBuildFile; fileRef = 2908557B2495889E005A91A9 /* PresentTests.swift */; };
/* End PBXBuildFile section */

/* Begin PBXContainerItemProxy section */
		290855782495889E005A91A9 /* PBXContainerItemProxy */ = {
			isa = PBXContainerItemProxy;
			containerPortal = 290855592495889A005A91A9 /* Project object */;
			proxyType = 1;
			remoteGlobalIDString = 290855602495889A005A91A9;
			remoteInfo = Present;
		};
/* End PBXContainerItemProxy section */

/* Begin PBXFileReference section */
		290855612495889B005A91A9 /* Present.app */ = {isa = PBXFileReference; explicitFileType = wrapper.application; includeInIndex = 0; path = Present.app; sourceTree = BUILT_PRODUCTS_DIR; };
		290855642495889B005A91A9 /* AppDelegate.swift */ = {isa = PBXFileReference; lastKnownFileType = sourcecode.swift; path = AppDelegate.swift; sourceTree = "<group>"; };
		290855662495889B005A91A9 /* SceneDelegate.swift */ = {isa = PBXFileReference; lastKnownFileType = sourcecode.swift; path = SceneDelegate.swift; sourceTree = "<group>"; };
		290855682495889B005A91A9 /* ViewController.swift */ = {isa = PBXFileReference; lastKnownFileType = sourcecode.swift; path = ViewController.swift; sourceTree = "<group>"; };
		2908556B2495889B005A91A9 /* Base */ = {isa = PBXFileReference; lastKnownFileType = file.storyboard; name = Base; path = Base.lproj/Main.storyboard; sourceTree = "<group>"; };
		2908556D2495889E005A91A9 /* Assets.xcassets */ = {isa = PBXFileReference; lastKnownFileType = folder.assetcatalog; path = Assets.xcassets; sourceTree = "<group>"; };
		290855702495889E005A91A9 /* Base */ = {isa = PBXFileReference; lastKnownFileType = file.storyboard; name = Base; path = Base.lproj/LaunchScreen.storyboard; sourceTree = "<group>"; };
		290855722495889E005A91A9 /* Info.plist */ = {isa = PBXFileReference; lastKnownFileType = text.plist.xml; path = Info.plist; sourceTree = "<group>"; };
		290855772495889E005A91A9 /* PresentTests.xctest */ = {isa = PBXFileReference; explicitFileType = wrapper.cfbundle; includeInIndex = 0; path = PresentTests.xctest; sourceTree = BUILT_PRODUCTS_DIR; };
		2908557B2495889E005A91A9 /* PresentTests.swift */ = {isa = PBXFileReference; lastKnownFileType = sourcecode.swift; path = PresentTests.swift; sourceTree = "<group>"; };
		2908557D2495889E005A91A9 /* Info.plist */ = {isa = PBXFileReference; lastKnownFileType = text.plist.xml; path = Info.plist; sourceTree = "<group>"; };
/* End PBXFileReference section */

/* Begin PBXFrameworksBuildPhase section */
		2908555E2495889A005A91A9 /* Frameworks */ = {
			isa = PBXFrameworksBuildPhase;
			buildActionMask = 2147483647;
			files = (
			);
			runOnlyForDeploymentPostprocessing = 0;
		};
		290855742495889E005A91A9 /* Frameworks */ = {
			isa = PBXFrameworksBuildPhase;
			buildActionMask = 2147483647;
			files = (
			);
			runOnlyForDeploymentPostprocessing = 0;
		};
/* End PBXFrameworksBuildPhase section */

/* Begin PBXGroup section */
		290855582495889A005A91A9 = {
			isa = PBXGroup;
			children = (
				290855632495889B005A91A9 /* Present */,
				2908557A2495889E005A91A9 /* PresentTests */,
				290855622495889B005A91A9 /* Products */,
			);
			sourceTree = "<group>";
		};
		290855622495889B005A91A9 /* Products */ = {
			isa = PBXGroup;
			children = (
				290855612495889B005A91A9 /* Present.app */,
				290855772495889E005A91A9 /* PresentTests.xctest */,
			);
			name = Products;
			sourceTree = "<group>";
		};
		290855632495889B005A91A9 /* Present */ = {
			isa = PBXGroup;
			children = (
				290855642495889B005A91A9 /* AppDelegate.swift */,
				290855662495889B005A91A9 /* SceneDelegate.swift */,
				290855682495889B005A91A9 /* ViewController.swift */,
				2908556A2495889B005A91A9 /* Main.storyboard */,
				2908556D2495889E005A91A9 /* Assets.xcassets */,
				2908556F2495889E005A91A9 /* LaunchScreen.storyboard */,
				290855722495889E005A91A9 /* Info.plist */,
			);
			path = Present;
			sourceTree = "<group>";
		};
		2908557A2495889E005A91A9 /* PresentTests */ = {
			isa = PBXGroup;
			children = (
				2908557B2495889E005A91A9 /* PresentTests.swift */,
				2908557D2495889E005A91A9 /* Info.plist */,
			);
			path = PresentTests;
			sourceTree = "<group>";
		};
/* End PBXGroup section */

/* Begin PBXNativeTarget section */
		290855602495889A005A91A9 /* Present */ = {
			isa = PBXNativeTarget;
			buildConfigurationList = 290855802495889E005A91A9 /* Build configuration list for PBXNativeTarget "Present" */;
			buildPhases = (
				2908555D2495889A005A91A9 /* Sources */,
				2908555E2495889A005A91A9 /* Frameworks */,
				2908555F2495889A005A91A9 /* Resources */,
			);
			buildRules = (
			);
			dependencies = (
			);
			name = Present;
			productName = Present;
			productReference = 290855612495889B005A91A9 /* Present.app */;
			productType = "com.apple.product-type.application";
		};
		290855762495889E005A91A9 /* PresentTests */ = {
			isa = PBXNativeTarget;
			buildConfigurationList = 290855832495889E005A91A9 /* Build configuration list for PBXNativeTarget "PresentTests" */;
			buildPhases = (
				290855732495889E005A91A9 /* Sources */,
				290855742495889E005A91A9 /* Frameworks */,
				290855752495889E005A91A9 /* Resources */,
			);
			buildRules = (
			);
			dependencies = (
				290855792495889E005A91A9 /* PBXTargetDependency */,
			);
			name = PresentTests;
			productName = PresentTests;
			productReference = 290855772495889E005A91A9 /* PresentTests.xctest */;
			productType = "com.apple.product-type.bundle.unit-test";
		};
/* End PBXNativeTarget section */

/* Begin PBXProject section */
		290855592495889A005A91A9 /* Project object */ = {
			isa = PBXProject;
			attributes = {
				LastSwiftUpdateCheck = 1150;
				LastUpgradeCheck = 1150;
				ORGANIZATIONNAME = "Yini Duanmu";
				TargetAttributes = {
					290855602495889A005A91A9 = {
						CreatedOnToolsVersion = 11.5;
					};
					290855762495889E005A91A9 = {
						CreatedOnToolsVersion = 11.5;
						TestTargetID = 290855602495889A005A91A9;
					};
				};
			};
			buildConfigurationList = 2908555C2495889A005A91A9 /* Build configuration list for PBXProject "Present" */;
			compatibilityVersion = "Xcode 9.3";
			developmentRegion = en;
			hasScannedForEncodings = 0;
			knownRegions = (
				en,
				Base,
			);
			mainGroup = 290855582495889A005A91A9;
			productRefGroup = 290855622495889B005A91A9 /* Products */;
			projectDirPath = "";
			projectRoot = "";
			targets = (
				290855602495889A005A91A9 /* Present */,
				290855762495889E005A91A9 /* PresentTests */,
			);
		};
/* End PBXProject section */

/* Begin PBXResourcesBuildPhase section */
		2908555F2495889A005A91A9 /* Resources */ = {
			isa = PBXResourcesBuildPhase;
			buildActionMask = 2147483647;
			files = (
				290855712495889E005A91A9 /* LaunchScreen.storyboard in Resources */,
				2908556E2495889E005A91A9 /* Assets.xcassets in Resources */,
				2908556C2495889B005A91A9 /* Main.storyboard in Resources */,
			);
			runOnlyForDeploymentPostprocessing = 0;
		};
		290855752495889E005A91A9 /* Resources */ = {
			isa = PBXResourcesBuildPhase;
			buildActionMask = 2147483647;
			files = (
			);
			runOnlyForDeploymentPostprocessing = 0;
		};
/* End PBXResourcesBuildPhase section */

/* Begin PBXSourcesBuildPhase section */
		2908555D2495889A005A91A9 /* Sources */ = {
			isa = PBXSourcesBuildPhase;
			buildActionMask = 2147483647;
			files = (
				290855692495889B005A91A9 /* ViewController.swift in Sources */,
				290855652495889B005A91A9 /* AppDelegate.swift in Sources */,
				290855672495889B005A91A9 /* SceneDelegate.swift in Sources */,
			);
			runOnlyForDeploymentPostprocessing = 0;
		};
		290855732495889E005A91A9 /* Sources */ = {
			isa = PBXSourcesBuildPhase;
			buildActionMask = 2147483647;
			files = (
				2908557C2495889E005A91A9 /* PresentTests.swift in Sources */,
			);
			runOnlyForDeploymentPostprocessing = 0;
		};
/* End PBXSourcesBuildPhase section */

/* Begin PBXTargetDependency section */
		290855792495889E005A91A9 /* PBXTargetDependency */ = {
			isa = PBXTargetDependency;
			target = 290855602495889A005A91A9 /* Present */;
			targetProxy = 290855782495889E005A91A9 /* PBXContainerItemProxy */;
		};
/* End PBXTargetDependency section */

/* Begin PBXVariantGroup section */
		2908556A2495889B005A91A9 /* Main.storyboard */ = {
			isa = PBXVariantGroup;
			children = (
				2908556B2495889B005A91A9 /* Base */,
			);
			name = Main.storyboard;
			sourceTree = "<group>";
		};
		2908556F2495889E005A91A9 /* LaunchScreen.storyboard */ = {
			isa = PBXVariantGroup;
			children = (
				290855702495889E005A91A9 /* Base */,
			);
			name = LaunchScreen.storyboard;
			sourceTree = "<group>";
		};
/* End PBXVariantGroup section */

/* Begin XCBuildConfiguration section */
		2908557E2495889E005A91A9 /* Debug */ = {
			isa = XCBuildConfiguration;
			buildSettings = {
				ALWAYS_SEARCH_USER_PATHS = NO;
				CLANG_ANALYZER_NONNULL = YES;
				CLANG_ANALYZER_NUMBER_OBJECT_CONVERSION = YES_AGGRESSIVE;
				CLANG_CXX_LANGUAGE_STANDARD = "gnu++14";
				CLANG_CXX_LIBRARY = "libc++";
				CLANG_ENABLE_MODULES = YES;
				CLANG_ENABLE_OBJC_ARC = YES;
				CLANG_ENABLE_OBJC_WEAK = YES;
				CLANG_WARN_BLOCK_CAPTURE_AUTORELEASING = YES;
				CLANG_WARN_BOOL_CONVERSION = YES;
				CLANG_WARN_COMMA = YES;
				CLANG_WARN_CONSTANT_CONVERSION = YES;
				CLANG_WARN_DEPRECATED_OBJC_IMPLEMENTATIONS = YES;
				CLANG_WARN_DIRECT_OBJC_ISA_USAGE = YES_ERROR;
				CLANG_WARN_DOCUMENTATION_COMMENTS = YES;
				CLANG_WARN_EMPTY_BODY = YES;
				CLANG_WARN_ENUM_CONVERSION = YES;
				CLANG_WARN_INFINITE_RECURSION = YES;
				CLANG_WARN_INT_CONVERSION = YES;
				CLANG_WARN_NON_LITERAL_NULL_CONVERSION = YES;
				CLANG_WARN_OBJC_IMPLICIT_RETAIN_SELF = YES;
				CLANG_WARN_OBJC_LITERAL_CONVERSION = YES;
				CLANG_WARN_OBJC_ROOT_CLASS = YES_ERROR;
				CLANG_WARN_RANGE_LOOP_ANALYSIS = YES;
				CLANG_WARN_STRICT_PROTOTYPES = YES;
				CLANG_WARN_SUSPICIOUS_MOVE = YES;
				CLANG_WARN_UNGUARDED_AVAILABILITY = YES_AGGRESSIVE;
				CLANG_WARN_UNREACHABLE_CODE = YES;
				CLANG_WARN__DUPLICATE_METHOD_MATCH = YES;
				COPY_PHASE_STRIP = NO;
				DEBUG_INFORMATION_FORMAT = dwarf;
				ENABLE_STRICT_OBJC_MSGSEND = YES;
				ENABLE_TESTABILITY = YES;
				GCC_C_LANGUAGE_STANDARD = gnu11;
				GCC_DYNAMIC_NO_PIC = NO;
				GCC_NO_COMMON_BLOCKS = YES;
				GCC_OPTIMIZATION_LEVEL = 0;
				GCC_PREPROCESSOR_DEFINITIONS = (
					"DEBUG=1",
					"$(inherited)",
				);
				GCC_WARN_64_TO_32_BIT_CONVERSION = YES;
				GCC_WARN_ABOUT_RETURN_TYPE = YES_ERROR;
				GCC_WARN_UNDECLARED_SELECTOR = YES;
				GCC_WARN_UNINITIALIZED_AUTOS = YES_AGGRESSIVE;
				GCC_WARN_UNUSED_FUNCTION = YES;
				GCC_WARN_UNUSED_VARIABLE = YES;
				IPHONEOS_DEPLOYMENT_TARGET = 13.5;
				MTL_ENABLE_DEBUG_INFO = INCLUDE_SOURCE;
				MTL_FAST_MATH = YES;
				ONLY_ACTIVE_ARCH = YES;
				SDKROOT = iphoneos;
				SWIFT_ACTIVE_COMPILATION_CONDITIONS = DEBUG;
				SWIFT_OPTIMIZATION_LEVEL = "-Onone";
			};
			name = Debug;
		};
		2908557F2495889E005A91A9 /* Release */ = {
			isa = XCBuildConfiguration;
			buildSettings = {
				ALWAYS_SEARCH_USER_PATHS = NO;
				CLANG_ANALYZER_NONNULL = YES;
				CLANG_ANALYZER_NUMBER_OBJECT_CONVERSION = YES_AGGRESSIVE;
				CLANG_CXX_LANGUAGE_STANDARD = "gnu++14";
				CLANG_CXX_LIBRARY = "libc++";
				CLANG_ENABLE_MODULES = YES;
				CLANG_ENABLE_OBJC_ARC = YES;
				CLANG_ENABLE_OBJC_WEAK = YES;
				CLANG_WARN_BLOCK_CAPTURE_AUTORELEASING = YES;
				CLANG_WARN_BOOL_CONVERSION = YES;
				CLANG_WARN_COMMA = YES;
				CLANG_WARN_CONSTANT_CONVERSION = YES;
				CLANG_WARN_DEPRECATED_OBJC_IMPLEMENTATIONS = YES;
				CLANG_WARN_DIRECT_OBJC_ISA_USAGE = YES_ERROR;
				CLANG_WARN_DOCUMENTATION_COMMENTS = YES;
				CLANG_WARN_EMPTY_BODY = YES;
				CLANG_WARN_ENUM_CONVERSION = YES;
				CLANG_WARN_INFINITE_RECURSION = YES;
				CLANG_WARN_INT_CONVERSION = YES;
				CLANG_WARN_NON_LITERAL_NULL_CONVERSION = YES;
				CLANG_WARN_OBJC_IMPLICIT_RETAIN_SELF = YES;
				CLANG_WARN_OBJC_LITERAL_CONVERSION = YES;
				CLANG_WARN_OBJC_ROOT_CLASS = YES_ERROR;
				CLANG_WARN_RANGE_LOOP_ANALYSIS = YES;
				CLANG_WARN_STRICT_PROTOTYPES = YES;
				CLANG_WARN_SUSPICIOUS_MOVE = YES;
				CLANG_WARN_UNGUARDED_AVAILABILITY = YES_AGGRESSIVE;
				CLANG_WARN_UNREACHABLE_CODE = YES;
				CLANG_WARN__DUPLICATE_METHOD_MATCH = YES;
				COPY_PHASE_STRIP = NO;
				DEBUG_INFORMATION_FORMAT = "dwarf-with-dsym";
				ENABLE_NS_ASSERTIONS = NO;
				ENABLE_STRICT_OBJC_MSGSEND = YES;
				GCC_C_LANGUAGE_STANDARD = gnu11;
				GCC_NO_COMMON_BLOCKS = YES;
				GCC_WARN_64_TO_32_BIT_CONVERSION = YES;
				GCC_WARN_ABOUT_RETURN_TYPE = YES_ERROR;
				GCC_WARN_UNDECLARED_SELECTOR = YES;
				GCC_WARN_UNINITIALIZED_AUTOS = YES_AGGRESSIVE;
				GCC_WARN_UNUSED_FUNCTION = YES;
				GCC_WARN_UNUSED_VARIABLE = YES;
				IPHONEOS_DEPLOYMENT_TARGET = 13.5;
				MTL_ENABLE_DEBUG_INFO = NO;
				MTL_FAST_MATH = YES;
				SDKROOT = iphoneos;
				SWIFT_COMPILATION_MODE = wholemodule;
				SWIFT_OPTIMIZATION_LEVEL = "-O";
				VALIDATE_PRODUCT = YES;
			};
			name = Release;
		};
		290855812495889E005A91A9 /* Debug */ = {
			isa = XCBuildConfiguration;
			buildSettings = {
				ASSETCATALOG_COMPILER_APPICON_NAME = AppIcon;
				CODE_SIGN_STYLE = Automatic;
				INFOPLIST_FILE = Present/Info.plist;
				LD_RUNPATH_SEARCH_PATHS = (
					"$(inherited)",
					"@executable_path/Frameworks",
				);
				PRODUCT_BUNDLE_IDENTIFIER = com.udacity.Present;
				PRODUCT_NAME = "$(TARGET_NAME)";
				SWIFT_VERSION = 5.0;
				TARGETED_DEVICE_FAMILY = "1,2";
			};
			name = Debug;
		};
		290855822495889E005A91A9 /* Release */ = {
			isa = XCBuildConfiguration;
			buildSettings = {
				ASSETCATALOG_COMPILER_APPICON_NAME = AppIcon;
				CODE_SIGN_STYLE = Automatic;
				INFOPLIST_FILE = Present/Info.plist;
				LD_RUNPATH_SEARCH_PATHS = (
					"$(inherited)",
					"@executable_path/Frameworks",
				);
				PRODUCT_BUNDLE_IDENTIFIER = com.udacity.Present;
				PRODUCT_NAME = "$(TARGET_NAME)";
				SWIFT_VERSION = 5.0;
				TARGETED_DEVICE_FAMILY = "1,2";
			};
			name = Release;
		};
		290855842495889E005A91A9 /* Debug */ = {
			isa = XCBuildConfiguration;
			buildSettings = {
				ALWAYS_EMBED_SWIFT_STANDARD_LIBRARIES = YES;
				BUNDLE_LOADER = "$(TEST_HOST)";
				CODE_SIGN_STYLE = Automatic;
				INFOPLIST_FILE = PresentTests/Info.plist;
				IPHONEOS_DEPLOYMENT_TARGET = 13.5;
				LD_RUNPATH_SEARCH_PATHS = (
					"$(inherited)",
					"@executable_path/Frameworks",
					"@loader_path/Frameworks",
				);
				PRODUCT_BUNDLE_IDENTIFIER = com.udacity.PresentTests;
				PRODUCT_NAME = "$(TARGET_NAME)";
				SWIFT_VERSION = 5.0;
				TARGETED_DEVICE_FAMILY = "1,2";
				TEST_HOST = "$(BUILT_PRODUCTS_DIR)/Present.app/Present";
			};
			name = Debug;
		};
		290855852495889E005A91A9 /* Release */ = {
			isa = XCBuildConfiguration;
			buildSettings = {
				ALWAYS_EMBED_SWIFT_STANDARD_LIBRARIES = YES;
				BUNDLE_LOADER = "$(TEST_HOST)";
				CODE_SIGN_STYLE = Automatic;
				INFOPLIST_FILE = PresentTests/Info.plist;
				IPHONEOS_DEPLOYMENT_TARGET = 13.5;
				LD_RUNPATH_SEARCH_PATHS = (
					"$(inherited)",
					"@executable_path/Frameworks",
					"@loader_path/Frameworks",
				);
				PRODUCT_BUNDLE_IDENTIFIER = com.udacity.PresentTests;
				PRODUCT_NAME = "$(TARGET_NAME)";
				SWIFT_VERSION = 5.0;
				TARGETED_DEVICE_FAMILY = "1,2";
				TEST_HOST = "$(BUILT_PRODUCTS_DIR)/Present.app/Present";
			};
			name = Release;
		};
/* End XCBuildConfiguration section */

/* Begin XCConfigurationList section */
		2908555C2495889A005A91A9 /* Build configuration list for PBXProject "Present" */ = {
			isa = XCConfigurationList;
			buildConfigurations = (
				2908557E2495889E005A91A9 /* Debug */,
				2908557F2495889E005A91A9 /* Release */,
			);
			defaultConfigurationIsVisible = 0;
			defaultConfigurationName = Release;
		};
		290855802495889E005A91A9 /* Build configuration list for PBXNativeTarget "Present" */ = {
			isa = XCConfigurationList;
			buildConfigurations = (
				290855812495889E005A91A9 /* Debug */,
				290855822495889E005A91A9 /* Release */,
			);
			defaultConfigurationIsVisible = 0;
			defaultConfigurationName = Release;
		};
		290855832495889E005A91A9 /* Build configuration list for PBXNativeTarget "PresentTests" */ = {
			isa = XCConfigurationList;
			buildConfigurations = (
				290855842495889E005A91A9 /* Debug */,
				290855852495889E005A91A9 /* Release */,
			);
			defaultConfigurationIsVisible = 0;
			defaultConfigurationName = Release;
		};
/* End XCConfigurationList section */
	};
	rootObject = 290855592495889A005A91A9 /* Project object */;
}
